// !$*UTF8*$!
{
	archiveVersion = 1;
	classes = {
	};
	objectVersion = 56;
	objects = {

/* Begin PBXBuildFile section */
		4D1444412A5464EA00806AF4 /* BerryService.swift in Sources */ = {isa = PBXBuildFile; fileRef = 4D1444152A5464EA00806AF4 /* BerryService.swift */; };
		4D1444422A5464EA00806AF4 /* PokemonService.swift in Sources */ = {isa = PBXBuildFile; fileRef = 4D1444162A5464EA00806AF4 /* PokemonService.swift */; };
		4D1444432A5464EA00806AF4 /* EvolutionService.swift in Sources */ = {isa = PBXBuildFile; fileRef = 4D1444172A5464EA00806AF4 /* EvolutionService.swift */; };
		4D1444442A5464EA00806AF4 /* MoveService.swift in Sources */ = {isa = PBXBuildFile; fileRef = 4D1444182A5464EA00806AF4 /* MoveService.swift */; };
		4D1444452A5464EA00806AF4 /* ItemService.swift in Sources */ = {isa = PBXBuildFile; fileRef = 4D1444192A5464EA00806AF4 /* ItemService.swift */; };
		4D1444462A5464EA00806AF4 /* UtilityService.swift in Sources */ = {isa = PBXBuildFile; fileRef = 4D14441A2A5464EA00806AF4 /* UtilityService.swift */; };
		4D1444472A5464EA00806AF4 /* MachineService.swift in Sources */ = {isa = PBXBuildFile; fileRef = 4D14441B2A5464EA00806AF4 /* MachineService.swift */; };
		4D1444482A5464EA00806AF4 /* ContestService.swift in Sources */ = {isa = PBXBuildFile; fileRef = 4D14441C2A5464EA00806AF4 /* ContestService.swift */; };
		4D1444492A5464EA00806AF4 /* ResourceService.swift in Sources */ = {isa = PBXBuildFile; fileRef = 4D14441D2A5464EA00806AF4 /* ResourceService.swift */; };
		4D14444A2A5464EA00806AF4 /* EncounterService.swift in Sources */ = {isa = PBXBuildFile; fileRef = 4D14441E2A5464EA00806AF4 /* EncounterService.swift */; };
		4D14444B2A5464EA00806AF4 /* GameService.swift in Sources */ = {isa = PBXBuildFile; fileRef = 4D14441F2A5464EA00806AF4 /* GameService.swift */; };
		4D14444C2A5464EA00806AF4 /* LocationService.swift in Sources */ = {isa = PBXBuildFile; fileRef = 4D1444202A5464EA00806AF4 /* LocationService.swift */; };
		4D14444D2A5464EA00806AF4 /* Items.swift in Sources */ = {isa = PBXBuildFile; fileRef = 4D1444222A5464EA00806AF4 /* Items.swift */; };
		4D14444E2A5464EA00806AF4 /* Machines.swift in Sources */ = {isa = PBXBuildFile; fileRef = 4D1444232A5464EA00806AF4 /* Machines.swift */; };
		4D14444F2A5464EA00806AF4 /* Locations.swift in Sources */ = {isa = PBXBuildFile; fileRef = 4D1444242A5464EA00806AF4 /* Locations.swift */; };
		4D1444502A5464EA00806AF4 /* Utilities.swift in Sources */ = {isa = PBXBuildFile; fileRef = 4D1444252A5464EA00806AF4 /* Utilities.swift */; };
		4D1444512A5464EA00806AF4 /* Contests.swift in Sources */ = {isa = PBXBuildFile; fileRef = 4D1444262A5464EA00806AF4 /* Contests.swift */; };
		4D1444522A5464EA00806AF4 /* Pokemon.swift in Sources */ = {isa = PBXBuildFile; fileRef = 4D1444272A5464EA00806AF4 /* Pokemon.swift */; };
		4D1444532A5464EA00806AF4 /* Resource.swift in Sources */ = {isa = PBXBuildFile; fileRef = 4D1444282A5464EA00806AF4 /* Resource.swift */; };
		4D1444542A5464EA00806AF4 /* Moves.swift in Sources */ = {isa = PBXBuildFile; fileRef = 4D1444292A5464EA00806AF4 /* Moves.swift */; };
		4D1444552A5464EA00806AF4 /* Evolution.swift in Sources */ = {isa = PBXBuildFile; fileRef = 4D14442A2A5464EA00806AF4 /* Evolution.swift */; };
		4D1444562A5464EA00806AF4 /* Games.swift in Sources */ = {isa = PBXBuildFile; fileRef = 4D14442B2A5464EA00806AF4 /* Games.swift */; };
		4D1444572A5464EA00806AF4 /* Encounters.swift in Sources */ = {isa = PBXBuildFile; fileRef = 4D14442C2A5464EA00806AF4 /* Encounters.swift */; };
		4D1444582A5464EA00806AF4 /* PokemonAPI.swift in Sources */ = {isa = PBXBuildFile; fileRef = 4D14442D2A5464EA00806AF4 /* PokemonAPI.swift */; };
		4D1444592A5464EA00806AF4 /* Berries.swift in Sources */ = {isa = PBXBuildFile; fileRef = 4D14442E2A5464EA00806AF4 /* Berries.swift */; };
		4D14445A2A5464EA00806AF4 /* HTTPWebService.swift in Sources */ = {isa = PBXBuildFile; fileRef = 4D1444302A5464EA00806AF4 /* HTTPWebService.swift */; };
		4D14445B2A5464EA00806AF4 /* HTTPHeader.swift in Sources */ = {isa = PBXBuildFile; fileRef = 4D1444312A5464EA00806AF4 /* HTTPHeader.swift */; };
		4D14445C2A5464EA00806AF4 /* APICall.swift in Sources */ = {isa = PBXBuildFile; fileRef = 4D1444322A5464EA00806AF4 /* APICall.swift */; };
		4D14445D2A5464EA00806AF4 /* Pagination.swift in Sources */ = {isa = PBXBuildFile; fileRef = 4D1444332A5464EA00806AF4 /* Pagination.swift */; };
		4D14445E2A5464EA00806AF4 /* HTTPError.swift in Sources */ = {isa = PBXBuildFile; fileRef = 4D1444342A5464EA00806AF4 /* HTTPError.swift */; };
		4D14445F2A5464EA00806AF4 /* Result+Decode.swift in Sources */ = {isa = PBXBuildFile; fileRef = 4D1444352A5464EA00806AF4 /* Result+Decode.swift */; };
		4D1444602A5464EA00806AF4 /* SelfDecodable.swift in Sources */ = {isa = PBXBuildFile; fileRef = 4D1444372A5464EA00806AF4 /* SelfDecodable.swift */; };
		4D1444612A5464EA00806AF4 /* URLResponse+.swift in Sources */ = {isa = PBXBuildFile; fileRef = 4D1444382A5464EA00806AF4 /* URLResponse+.swift */; };
		4D1444622A5464EA00806AF4 /* Data+JSONPretty.swift in Sources */ = {isa = PBXBuildFile; fileRef = 4D1444392A5464EA00806AF4 /* Data+JSONPretty.swift */; };
		4D1444632A5464EA00806AF4 /* SubscribersCompletion+.swift in Sources */ = {isa = PBXBuildFile; fileRef = 4D14443A2A5464EA00806AF4 /* SubscribersCompletion+.swift */; };
		4D1444642A5464EA00806AF4 /* URLSession+Request.swift in Sources */ = {isa = PBXBuildFile; fileRef = 4D14443B2A5464EA00806AF4 /* URLSession+Request.swift */; };
		4D1444652A5464EA00806AF4 /* Publisher+JSON.swift in Sources */ = {isa = PBXBuildFile; fileRef = 4D14443C2A5464EA00806AF4 /* Publisher+JSON.swift */; };
		4D1444662A5464EA00806AF4 /* Decodable+Decode.swift in Sources */ = {isa = PBXBuildFile; fileRef = 4D14443D2A5464EA00806AF4 /* Decodable+Decode.swift */; };
		4D1444672A5464EA00806AF4 /* URLRequest+.swift in Sources */ = {isa = PBXBuildFile; fileRef = 4D14443E2A5464EA00806AF4 /* URLRequest+.swift */; };
		4D1444682A5464EA00806AF4 /* Publisher+Result.swift in Sources */ = {isa = PBXBuildFile; fileRef = 4D14443F2A5464EA00806AF4 /* Publisher+Result.swift */; };
		4D1444692A5464EA00806AF4 /* URL+Query.swift in Sources */ = {isa = PBXBuildFile; fileRef = 4D1444402A5464EA00806AF4 /* URL+Query.swift */; };
		4DAC36D62A544E8200454A0C /* PokeStagApp.swift in Sources */ = {isa = PBXBuildFile; fileRef = 4DAC36D52A544E8200454A0C /* PokeStagApp.swift */; };
		4DAC36D82A544E8200454A0C /* ContentView.swift in Sources */ = {isa = PBXBuildFile; fileRef = 4DAC36D72A544E8200454A0C /* ContentView.swift */; };
		4DAC36DA2A544E8500454A0C /* Assets.xcassets in Resources */ = {isa = PBXBuildFile; fileRef = 4DAC36D92A544E8500454A0C /* Assets.xcassets */; };
		4DAC36DE2A544E8500454A0C /* Preview Assets.xcassets in Resources */ = {isa = PBXBuildFile; fileRef = 4DAC36DD2A544E8500454A0C /* Preview Assets.xcassets */; };
		4DAC36E82A544E8500454A0C /* PokeStagTests.swift in Sources */ = {isa = PBXBuildFile; fileRef = 4DAC36E72A544E8500454A0C /* PokeStagTests.swift */; };
		4DAC36F22A544E8500454A0C /* PokeStagUITests.swift in Sources */ = {isa = PBXBuildFile; fileRef = 4DAC36F12A544E8500454A0C /* PokeStagUITests.swift */; };
		4DAC36F42A544E8500454A0C /* PokeStagUITestsLaunchTests.swift in Sources */ = {isa = PBXBuildFile; fileRef = 4DAC36F32A544E8500454A0C /* PokeStagUITestsLaunchTests.swift */; };
/* End PBXBuildFile section */

/* Begin PBXContainerItemProxy section */
		4DAC36E42A544E8500454A0C /* PBXContainerItemProxy */ = {
			isa = PBXContainerItemProxy;
			containerPortal = 4DAC36CA2A544E8200454A0C /* Project object */;
			proxyType = 1;
			remoteGlobalIDString = 4DAC36D12A544E8200454A0C;
			remoteInfo = PokeStag;
		};
		4DAC36EE2A544E8500454A0C /* PBXContainerItemProxy */ = {
			isa = PBXContainerItemProxy;
			containerPortal = 4DAC36CA2A544E8200454A0C /* Project object */;
			proxyType = 1;
			remoteGlobalIDString = 4DAC36D12A544E8200454A0C;
			remoteInfo = PokeStag;
		};
/* End PBXContainerItemProxy section */

/* Begin PBXFileReference section */
		4D1444152A5464EA00806AF4 /* BerryService.swift */ = {isa = PBXFileReference; fileEncoding = 4; lastKnownFileType = sourcecode.swift; path = BerryService.swift; sourceTree = "<group>"; };
		4D1444162A5464EA00806AF4 /* PokemonService.swift */ = {isa = PBXFileReference; fileEncoding = 4; lastKnownFileType = sourcecode.swift; path = PokemonService.swift; sourceTree = "<group>"; };
		4D1444172A5464EA00806AF4 /* EvolutionService.swift */ = {isa = PBXFileReference; fileEncoding = 4; lastKnownFileType = sourcecode.swift; path = EvolutionService.swift; sourceTree = "<group>"; };
		4D1444182A5464EA00806AF4 /* MoveService.swift */ = {isa = PBXFileReference; fileEncoding = 4; lastKnownFileType = sourcecode.swift; path = MoveService.swift; sourceTree = "<group>"; };
		4D1444192A5464EA00806AF4 /* ItemService.swift */ = {isa = PBXFileReference; fileEncoding = 4; lastKnownFileType = sourcecode.swift; path = ItemService.swift; sourceTree = "<group>"; };
		4D14441A2A5464EA00806AF4 /* UtilityService.swift */ = {isa = PBXFileReference; fileEncoding = 4; lastKnownFileType = sourcecode.swift; path = UtilityService.swift; sourceTree = "<group>"; };
		4D14441B2A5464EA00806AF4 /* MachineService.swift */ = {isa = PBXFileReference; fileEncoding = 4; lastKnownFileType = sourcecode.swift; path = MachineService.swift; sourceTree = "<group>"; };
		4D14441C2A5464EA00806AF4 /* ContestService.swift */ = {isa = PBXFileReference; fileEncoding = 4; lastKnownFileType = sourcecode.swift; path = ContestService.swift; sourceTree = "<group>"; };
		4D14441D2A5464EA00806AF4 /* ResourceService.swift */ = {isa = PBXFileReference; fileEncoding = 4; lastKnownFileType = sourcecode.swift; path = ResourceService.swift; sourceTree = "<group>"; };
		4D14441E2A5464EA00806AF4 /* EncounterService.swift */ = {isa = PBXFileReference; fileEncoding = 4; lastKnownFileType = sourcecode.swift; path = EncounterService.swift; sourceTree = "<group>"; };
		4D14441F2A5464EA00806AF4 /* GameService.swift */ = {isa = PBXFileReference; fileEncoding = 4; lastKnownFileType = sourcecode.swift; path = GameService.swift; sourceTree = "<group>"; };
		4D1444202A5464EA00806AF4 /* LocationService.swift */ = {isa = PBXFileReference; fileEncoding = 4; lastKnownFileType = sourcecode.swift; path = LocationService.swift; sourceTree = "<group>"; };
		4D1444222A5464EA00806AF4 /* Items.swift */ = {isa = PBXFileReference; fileEncoding = 4; lastKnownFileType = sourcecode.swift; path = Items.swift; sourceTree = "<group>"; };
		4D1444232A5464EA00806AF4 /* Machines.swift */ = {isa = PBXFileReference; fileEncoding = 4; lastKnownFileType = sourcecode.swift; path = Machines.swift; sourceTree = "<group>"; };
		4D1444242A5464EA00806AF4 /* Locations.swift */ = {isa = PBXFileReference; fileEncoding = 4; lastKnownFileType = sourcecode.swift; path = Locations.swift; sourceTree = "<group>"; };
		4D1444252A5464EA00806AF4 /* Utilities.swift */ = {isa = PBXFileReference; fileEncoding = 4; lastKnownFileType = sourcecode.swift; path = Utilities.swift; sourceTree = "<group>"; };
		4D1444262A5464EA00806AF4 /* Contests.swift */ = {isa = PBXFileReference; fileEncoding = 4; lastKnownFileType = sourcecode.swift; path = Contests.swift; sourceTree = "<group>"; };
		4D1444272A5464EA00806AF4 /* Pokemon.swift */ = {isa = PBXFileReference; fileEncoding = 4; lastKnownFileType = sourcecode.swift; path = Pokemon.swift; sourceTree = "<group>"; };
		4D1444282A5464EA00806AF4 /* Resource.swift */ = {isa = PBXFileReference; fileEncoding = 4; lastKnownFileType = sourcecode.swift; path = Resource.swift; sourceTree = "<group>"; };
		4D1444292A5464EA00806AF4 /* Moves.swift */ = {isa = PBXFileReference; fileEncoding = 4; lastKnownFileType = sourcecode.swift; path = Moves.swift; sourceTree = "<group>"; };
		4D14442A2A5464EA00806AF4 /* Evolution.swift */ = {isa = PBXFileReference; fileEncoding = 4; lastKnownFileType = sourcecode.swift; path = Evolution.swift; sourceTree = "<group>"; };
		4D14442B2A5464EA00806AF4 /* Games.swift */ = {isa = PBXFileReference; fileEncoding = 4; lastKnownFileType = sourcecode.swift; path = Games.swift; sourceTree = "<group>"; };
		4D14442C2A5464EA00806AF4 /* Encounters.swift */ = {isa = PBXFileReference; fileEncoding = 4; lastKnownFileType = sourcecode.swift; path = Encounters.swift; sourceTree = "<group>"; };
		4D14442D2A5464EA00806AF4 /* PokemonAPI.swift */ = {isa = PBXFileReference; fileEncoding = 4; lastKnownFileType = sourcecode.swift; path = PokemonAPI.swift; sourceTree = "<group>"; };
		4D14442E2A5464EA00806AF4 /* Berries.swift */ = {isa = PBXFileReference; fileEncoding = 4; lastKnownFileType = sourcecode.swift; path = Berries.swift; sourceTree = "<group>"; };
		4D1444302A5464EA00806AF4 /* HTTPWebService.swift */ = {isa = PBXFileReference; fileEncoding = 4; lastKnownFileType = sourcecode.swift; path = HTTPWebService.swift; sourceTree = "<group>"; };
		4D1444312A5464EA00806AF4 /* HTTPHeader.swift */ = {isa = PBXFileReference; fileEncoding = 4; lastKnownFileType = sourcecode.swift; path = HTTPHeader.swift; sourceTree = "<group>"; };
		4D1444322A5464EA00806AF4 /* APICall.swift */ = {isa = PBXFileReference; fileEncoding = 4; lastKnownFileType = sourcecode.swift; path = APICall.swift; sourceTree = "<group>"; };
		4D1444332A5464EA00806AF4 /* Pagination.swift */ = {isa = PBXFileReference; fileEncoding = 4; lastKnownFileType = sourcecode.swift; path = Pagination.swift; sourceTree = "<group>"; };
		4D1444342A5464EA00806AF4 /* HTTPError.swift */ = {isa = PBXFileReference; fileEncoding = 4; lastKnownFileType = sourcecode.swift; path = HTTPError.swift; sourceTree = "<group>"; };
		4D1444352A5464EA00806AF4 /* Result+Decode.swift */ = {isa = PBXFileReference; fileEncoding = 4; lastKnownFileType = sourcecode.swift; path = "Result+Decode.swift"; sourceTree = "<group>"; };
		4D1444372A5464EA00806AF4 /* SelfDecodable.swift */ = {isa = PBXFileReference; fileEncoding = 4; lastKnownFileType = sourcecode.swift; path = SelfDecodable.swift; sourceTree = "<group>"; };
		4D1444382A5464EA00806AF4 /* URLResponse+.swift */ = {isa = PBXFileReference; fileEncoding = 4; lastKnownFileType = sourcecode.swift; path = "URLResponse+.swift"; sourceTree = "<group>"; };
		4D1444392A5464EA00806AF4 /* Data+JSONPretty.swift */ = {isa = PBXFileReference; fileEncoding = 4; lastKnownFileType = sourcecode.swift; path = "Data+JSONPretty.swift"; sourceTree = "<group>"; };
		4D14443A2A5464EA00806AF4 /* SubscribersCompletion+.swift */ = {isa = PBXFileReference; fileEncoding = 4; lastKnownFileType = sourcecode.swift; path = "SubscribersCompletion+.swift"; sourceTree = "<group>"; };
		4D14443B2A5464EA00806AF4 /* URLSession+Request.swift */ = {isa = PBXFileReference; fileEncoding = 4; lastKnownFileType = sourcecode.swift; path = "URLSession+Request.swift"; sourceTree = "<group>"; };
		4D14443C2A5464EA00806AF4 /* Publisher+JSON.swift */ = {isa = PBXFileReference; fileEncoding = 4; lastKnownFileType = sourcecode.swift; path = "Publisher+JSON.swift"; sourceTree = "<group>"; };
		4D14443D2A5464EA00806AF4 /* Decodable+Decode.swift */ = {isa = PBXFileReference; fileEncoding = 4; lastKnownFileType = sourcecode.swift; path = "Decodable+Decode.swift"; sourceTree = "<group>"; };
		4D14443E2A5464EA00806AF4 /* URLRequest+.swift */ = {isa = PBXFileReference; fileEncoding = 4; lastKnownFileType = sourcecode.swift; path = "URLRequest+.swift"; sourceTree = "<group>"; };
		4D14443F2A5464EA00806AF4 /* Publisher+Result.swift */ = {isa = PBXFileReference; fileEncoding = 4; lastKnownFileType = sourcecode.swift; path = "Publisher+Result.swift"; sourceTree = "<group>"; };
		4D1444402A5464EA00806AF4 /* URL+Query.swift */ = {isa = PBXFileReference; fileEncoding = 4; lastKnownFileType = sourcecode.swift; path = "URL+Query.swift"; sourceTree = "<group>"; };
		4DAC36D22A544E8200454A0C /* PokeStag.app */ = {isa = PBXFileReference; explicitFileType = wrapper.application; includeInIndex = 0; path = PokeStag.app; sourceTree = BUILT_PRODUCTS_DIR; };
		4DAC36D52A544E8200454A0C /* PokeStagApp.swift */ = {isa = PBXFileReference; lastKnownFileType = sourcecode.swift; path = PokeStagApp.swift; sourceTree = "<group>"; };
		4DAC36D72A544E8200454A0C /* ContentView.swift */ = {isa = PBXFileReference; lastKnownFileType = sourcecode.swift; path = ContentView.swift; sourceTree = "<group>"; };
		4DAC36D92A544E8500454A0C /* Assets.xcassets */ = {isa = PBXFileReference; lastKnownFileType = folder.assetcatalog; path = Assets.xcassets; sourceTree = "<group>"; };
		4DAC36DB2A544E8500454A0C /* PokeStag.entitlements */ = {isa = PBXFileReference; lastKnownFileType = text.plist.entitlements; path = PokeStag.entitlements; sourceTree = "<group>"; };
		4DAC36DD2A544E8500454A0C /* Preview Assets.xcassets */ = {isa = PBXFileReference; lastKnownFileType = folder.assetcatalog; path = "Preview Assets.xcassets"; sourceTree = "<group>"; };
		4DAC36E32A544E8500454A0C /* PokeStagTests.xctest */ = {isa = PBXFileReference; explicitFileType = wrapper.cfbundle; includeInIndex = 0; path = PokeStagTests.xctest; sourceTree = BUILT_PRODUCTS_DIR; };
		4DAC36E72A544E8500454A0C /* PokeStagTests.swift */ = {isa = PBXFileReference; lastKnownFileType = sourcecode.swift; path = PokeStagTests.swift; sourceTree = "<group>"; };
		4DAC36ED2A544E8500454A0C /* PokeStagUITests.xctest */ = {isa = PBXFileReference; explicitFileType = wrapper.cfbundle; includeInIndex = 0; path = PokeStagUITests.xctest; sourceTree = BUILT_PRODUCTS_DIR; };
		4DAC36F12A544E8500454A0C /* PokeStagUITests.swift */ = {isa = PBXFileReference; lastKnownFileType = sourcecode.swift; path = PokeStagUITests.swift; sourceTree = "<group>"; };
		4DAC36F32A544E8500454A0C /* PokeStagUITestsLaunchTests.swift */ = {isa = PBXFileReference; lastKnownFileType = sourcecode.swift; path = PokeStagUITestsLaunchTests.swift; sourceTree = "<group>"; };
		4DAC37002A5450E800454A0C /* Info.plist */ = {isa = PBXFileReference; lastKnownFileType = text.plist; path = Info.plist; sourceTree = "<group>"; };
/* End PBXFileReference section */

/* Begin PBXFrameworksBuildPhase section */
		4DAC36CF2A544E8200454A0C /* Frameworks */ = {
			isa = PBXFrameworksBuildPhase;
			buildActionMask = 2147483647;
			files = (
			);
			runOnlyForDeploymentPostprocessing = 0;
		};
		4DAC36E02A544E8500454A0C /* Frameworks */ = {
			isa = PBXFrameworksBuildPhase;
			buildActionMask = 2147483647;
			files = (
			);
			runOnlyForDeploymentPostprocessing = 0;
		};
		4DAC36EA2A544E8500454A0C /* Frameworks */ = {
			isa = PBXFrameworksBuildPhase;
			buildActionMask = 2147483647;
			files = (
			);
			runOnlyForDeploymentPostprocessing = 0;
		};
/* End PBXFrameworksBuildPhase section */

/* Begin PBXGroup section */
		4D1444132A5464EA00806AF4 /* PokemonAPI */ = {
			isa = PBXGroup;
			children = (
				4D1444142A5464EA00806AF4 /* WebServices */,
				4D1444212A5464EA00806AF4 /* Classes */,
				4D14442F2A5464EA00806AF4 /* Network */,
				4D1444362A5464EA00806AF4 /* Utilities */,
			);
			path = PokemonAPI;
			sourceTree = "<group>";
		};
		4D1444142A5464EA00806AF4 /* WebServices */ = {
			isa = PBXGroup;
			children = (
				4D1444152A5464EA00806AF4 /* BerryService.swift */,
				4D1444162A5464EA00806AF4 /* PokemonService.swift */,
				4D1444172A5464EA00806AF4 /* EvolutionService.swift */,
				4D1444182A5464EA00806AF4 /* MoveService.swift */,
				4D1444192A5464EA00806AF4 /* ItemService.swift */,
				4D14441A2A5464EA00806AF4 /* UtilityService.swift */,
				4D14441B2A5464EA00806AF4 /* MachineService.swift */,
				4D14441C2A5464EA00806AF4 /* ContestService.swift */,
				4D14441D2A5464EA00806AF4 /* ResourceService.swift */,
				4D14441E2A5464EA00806AF4 /* EncounterService.swift */,
				4D14441F2A5464EA00806AF4 /* GameService.swift */,
				4D1444202A5464EA00806AF4 /* LocationService.swift */,
			);
			path = WebServices;
			sourceTree = "<group>";
		};
		4D1444212A5464EA00806AF4 /* Classes */ = {
			isa = PBXGroup;
			children = (
				4D1444222A5464EA00806AF4 /* Items.swift */,
				4D1444232A5464EA00806AF4 /* Machines.swift */,
				4D1444242A5464EA00806AF4 /* Locations.swift */,
				4D1444252A5464EA00806AF4 /* Utilities.swift */,
				4D1444262A5464EA00806AF4 /* Contests.swift */,
				4D1444272A5464EA00806AF4 /* Pokemon.swift */,
				4D1444282A5464EA00806AF4 /* Resource.swift */,
				4D1444292A5464EA00806AF4 /* Moves.swift */,
				4D14442A2A5464EA00806AF4 /* Evolution.swift */,
				4D14442B2A5464EA00806AF4 /* Games.swift */,
				4D14442C2A5464EA00806AF4 /* Encounters.swift */,
				4D14442D2A5464EA00806AF4 /* PokemonAPI.swift */,
				4D14442E2A5464EA00806AF4 /* Berries.swift */,
			);
			path = Classes;
			sourceTree = "<group>";
		};
		4D14442F2A5464EA00806AF4 /* Network */ = {
			isa = PBXGroup;
			children = (
				4D1444302A5464EA00806AF4 /* HTTPWebService.swift */,
				4D1444312A5464EA00806AF4 /* HTTPHeader.swift */,
				4D1444322A5464EA00806AF4 /* APICall.swift */,
				4D1444332A5464EA00806AF4 /* Pagination.swift */,
				4D1444342A5464EA00806AF4 /* HTTPError.swift */,
				4D1444352A5464EA00806AF4 /* Result+Decode.swift */,
			);
			path = Network;
			sourceTree = "<group>";
		};
		4D1444362A5464EA00806AF4 /* Utilities */ = {
			isa = PBXGroup;
			children = (
				4D1444372A5464EA00806AF4 /* SelfDecodable.swift */,
				4D1444382A5464EA00806AF4 /* URLResponse+.swift */,
				4D1444392A5464EA00806AF4 /* Data+JSONPretty.swift */,
				4D14443A2A5464EA00806AF4 /* SubscribersCompletion+.swift */,
				4D14443B2A5464EA00806AF4 /* URLSession+Request.swift */,
				4D14443C2A5464EA00806AF4 /* Publisher+JSON.swift */,
				4D14443D2A5464EA00806AF4 /* Decodable+Decode.swift */,
				4D14443E2A5464EA00806AF4 /* URLRequest+.swift */,
				4D14443F2A5464EA00806AF4 /* Publisher+Result.swift */,
				4D1444402A5464EA00806AF4 /* URL+Query.swift */,
			);
			path = Utilities;
			sourceTree = "<group>";
		};
		4DAC36C92A544E8200454A0C = {
			isa = PBXGroup;
			children = (
				4DAC36D42A544E8200454A0C /* PokeStag */,
				4DAC36E62A544E8500454A0C /* PokeStagTests */,
				4DAC36F02A544E8500454A0C /* PokeStagUITests */,
				4DAC36D32A544E8200454A0C /* Products */,
			);
			sourceTree = "<group>";
		};
		4DAC36D32A544E8200454A0C /* Products */ = {
			isa = PBXGroup;
			children = (
				4DAC36D22A544E8200454A0C /* PokeStag.app */,
				4DAC36E32A544E8500454A0C /* PokeStagTests.xctest */,
				4DAC36ED2A544E8500454A0C /* PokeStagUITests.xctest */,
			);
			name = Products;
			sourceTree = "<group>";
		};
		4DAC36D42A544E8200454A0C /* PokeStag */ = {
			isa = PBXGroup;
			children = (
				4D1444132A5464EA00806AF4 /* PokemonAPI */,
				4DAC37002A5450E800454A0C /* Info.plist */,
				4DAC36D52A544E8200454A0C /* PokeStagApp.swift */,
				4DAC36D72A544E8200454A0C /* ContentView.swift */,
				4DAC36D92A544E8500454A0C /* Assets.xcassets */,
				4DAC36DB2A544E8500454A0C /* PokeStag.entitlements */,
				4DAC36DC2A544E8500454A0C /* Preview Content */,
			);
			path = PokeStag;
			sourceTree = "<group>";
		};
		4DAC36DC2A544E8500454A0C /* Preview Content */ = {
			isa = PBXGroup;
			children = (
				4DAC36DD2A544E8500454A0C /* Preview Assets.xcassets */,
			);
			path = "Preview Content";
			sourceTree = "<group>";
		};
		4DAC36E62A544E8500454A0C /* PokeStagTests */ = {
			isa = PBXGroup;
			children = (
				4DAC36E72A544E8500454A0C /* PokeStagTests.swift */,
			);
			path = PokeStagTests;
			sourceTree = "<group>";
		};
		4DAC36F02A544E8500454A0C /* PokeStagUITests */ = {
			isa = PBXGroup;
			children = (
				4DAC36F12A544E8500454A0C /* PokeStagUITests.swift */,
				4DAC36F32A544E8500454A0C /* PokeStagUITestsLaunchTests.swift */,
			);
			path = PokeStagUITests;
			sourceTree = "<group>";
		};
/* End PBXGroup section */

/* Begin PBXNativeTarget section */
		4DAC36D12A544E8200454A0C /* PokeStag */ = {
			isa = PBXNativeTarget;
			buildConfigurationList = 4DAC36F72A544E8500454A0C /* Build configuration list for PBXNativeTarget "PokeStag" */;
			buildPhases = (
				4DAC36CE2A544E8200454A0C /* Sources */,
				4DAC36CF2A544E8200454A0C /* Frameworks */,
				4DAC36D02A544E8200454A0C /* Resources */,
			);
			buildRules = (
			);
			dependencies = (
			);
			name = PokeStag;
			productName = PokeStag;
			productReference = 4DAC36D22A544E8200454A0C /* PokeStag.app */;
			productType = "com.apple.product-type.application";
		};
		4DAC36E22A544E8500454A0C /* PokeStagTests */ = {
			isa = PBXNativeTarget;
			buildConfigurationList = 4DAC36FA2A544E8500454A0C /* Build configuration list for PBXNativeTarget "PokeStagTests" */;
			buildPhases = (
				4DAC36DF2A544E8500454A0C /* Sources */,
				4DAC36E02A544E8500454A0C /* Frameworks */,
				4DAC36E12A544E8500454A0C /* Resources */,
			);
			buildRules = (
			);
			dependencies = (
				4DAC36E52A544E8500454A0C /* PBXTargetDependency */,
			);
			name = PokeStagTests;
			productName = PokeStagTests;
			productReference = 4DAC36E32A544E8500454A0C /* PokeStagTests.xctest */;
			productType = "com.apple.product-type.bundle.unit-test";
		};
		4DAC36EC2A544E8500454A0C /* PokeStagUITests */ = {
			isa = PBXNativeTarget;
			buildConfigurationList = 4DAC36FD2A544E8500454A0C /* Build configuration list for PBXNativeTarget "PokeStagUITests" */;
			buildPhases = (
				4DAC36E92A544E8500454A0C /* Sources */,
				4DAC36EA2A544E8500454A0C /* Frameworks */,
				4DAC36EB2A544E8500454A0C /* Resources */,
			);
			buildRules = (
			);
			dependencies = (
				4DAC36EF2A544E8500454A0C /* PBXTargetDependency */,
			);
			name = PokeStagUITests;
			productName = PokeStagUITests;
			productReference = 4DAC36ED2A544E8500454A0C /* PokeStagUITests.xctest */;
			productType = "com.apple.product-type.bundle.ui-testing";
		};
/* End PBXNativeTarget section */

/* Begin PBXProject section */
		4DAC36CA2A544E8200454A0C /* Project object */ = {
			isa = PBXProject;
			attributes = {
				BuildIndependentTargetsInParallel = 1;
				LastSwiftUpdateCheck = 1430;
				LastUpgradeCheck = 1430;
				TargetAttributes = {
					4DAC36D12A544E8200454A0C = {
						CreatedOnToolsVersion = 14.3.1;
					};
					4DAC36E22A544E8500454A0C = {
						CreatedOnToolsVersion = 14.3.1;
						TestTargetID = 4DAC36D12A544E8200454A0C;
					};
					4DAC36EC2A544E8500454A0C = {
						CreatedOnToolsVersion = 14.3.1;
						TestTargetID = 4DAC36D12A544E8200454A0C;
					};
				};
			};
			buildConfigurationList = 4DAC36CD2A544E8200454A0C /* Build configuration list for PBXProject "PokeStag" */;
			compatibilityVersion = "Xcode 14.0";
			developmentRegion = en;
			hasScannedForEncodings = 0;
			knownRegions = (
				en,
				Base,
			);
			mainGroup = 4DAC36C92A544E8200454A0C;
			productRefGroup = 4DAC36D32A544E8200454A0C /* Products */;
			projectDirPath = "";
			projectRoot = "";
			targets = (
				4DAC36D12A544E8200454A0C /* PokeStag */,
				4DAC36E22A544E8500454A0C /* PokeStagTests */,
				4DAC36EC2A544E8500454A0C /* PokeStagUITests */,
			);
		};
/* End PBXProject section */

/* Begin PBXResourcesBuildPhase section */
		4DAC36D02A544E8200454A0C /* Resources */ = {
			isa = PBXResourcesBuildPhase;
			buildActionMask = 2147483647;
			files = (
				4DAC36DE2A544E8500454A0C /* Preview Assets.xcassets in Resources */,
				4DAC36DA2A544E8500454A0C /* Assets.xcassets in Resources */,
			);
			runOnlyForDeploymentPostprocessing = 0;
		};
		4DAC36E12A544E8500454A0C /* Resources */ = {
			isa = PBXResourcesBuildPhase;
			buildActionMask = 2147483647;
			files = (
			);
			runOnlyForDeploymentPostprocessing = 0;
		};
		4DAC36EB2A544E8500454A0C /* Resources */ = {
			isa = PBXResourcesBuildPhase;
			buildActionMask = 2147483647;
			files = (
			);
			runOnlyForDeploymentPostprocessing = 0;
		};
/* End PBXResourcesBuildPhase section */

/* Begin PBXSourcesBuildPhase section */
		4DAC36CE2A544E8200454A0C /* Sources */ = {
			isa = PBXSourcesBuildPhase;
			buildActionMask = 2147483647;
			files = (
				4D1444642A5464EA00806AF4 /* URLSession+Request.swift in Sources */,
				4D14445D2A5464EA00806AF4 /* Pagination.swift in Sources */,
				4D14444C2A5464EA00806AF4 /* LocationService.swift in Sources */,
				4D1444512A5464EA00806AF4 /* Contests.swift in Sources */,
				4D14445C2A5464EA00806AF4 /* APICall.swift in Sources */,
				4D14445A2A5464EA00806AF4 /* HTTPWebService.swift in Sources */,
				4D1444612A5464EA00806AF4 /* URLResponse+.swift in Sources */,
				4D14444F2A5464EA00806AF4 /* Locations.swift in Sources */,
				4D1444622A5464EA00806AF4 /* Data+JSONPretty.swift in Sources */,
				4D1444562A5464EA00806AF4 /* Games.swift in Sources */,
				4D14445F2A5464EA00806AF4 /* Result+Decode.swift in Sources */,
				4D1444662A5464EA00806AF4 /* Decodable+Decode.swift in Sources */,
				4D14444E2A5464EA00806AF4 /* Machines.swift in Sources */,
				4D14444D2A5464EA00806AF4 /* Items.swift in Sources */,
				4D1444522A5464EA00806AF4 /* Pokemon.swift in Sources */,
				4D1444532A5464EA00806AF4 /* Resource.swift in Sources */,
				4D1444452A5464EA00806AF4 /* ItemService.swift in Sources */,
				4D1444632A5464EA00806AF4 /* SubscribersCompletion+.swift in Sources */,
				4D1444572A5464EA00806AF4 /* Encounters.swift in Sources */,
				4D1444682A5464EA00806AF4 /* Publisher+Result.swift in Sources */,
				4D1444442A5464EA00806AF4 /* MoveService.swift in Sources */,
				4D14445B2A5464EA00806AF4 /* HTTPHeader.swift in Sources */,
				4D1444652A5464EA00806AF4 /* Publisher+JSON.swift in Sources */,
				4D1444592A5464EA00806AF4 /* Berries.swift in Sources */,
				4D1444502A5464EA00806AF4 /* Utilities.swift in Sources */,
				4D1444582A5464EA00806AF4 /* PokemonAPI.swift in Sources */,
				4D1444542A5464EA00806AF4 /* Moves.swift in Sources */,
				4D1444692A5464EA00806AF4 /* URL+Query.swift in Sources */,
				4D14444B2A5464EA00806AF4 /* GameService.swift in Sources */,
				4D14445E2A5464EA00806AF4 /* HTTPError.swift in Sources */,
				4D1444482A5464EA00806AF4 /* ContestService.swift in Sources */,
				4DAC36D82A544E8200454A0C /* ContentView.swift in Sources */,
				4D1444432A5464EA00806AF4 /* EvolutionService.swift in Sources */,
				4D1444552A5464EA00806AF4 /* Evolution.swift in Sources */,
				4D1444462A5464EA00806AF4 /* UtilityService.swift in Sources */,
				4D1444422A5464EA00806AF4 /* PokemonService.swift in Sources */,
				4DAC36D62A544E8200454A0C /* PokeStagApp.swift in Sources */,
				4D1444602A5464EA00806AF4 /* SelfDecodable.swift in Sources */,
				4D1444492A5464EA00806AF4 /* ResourceService.swift in Sources */,
				4D14444A2A5464EA00806AF4 /* EncounterService.swift in Sources */,
				4D1444472A5464EA00806AF4 /* MachineService.swift in Sources */,
				4D1444672A5464EA00806AF4 /* URLRequest+.swift in Sources */,
				4D1444412A5464EA00806AF4 /* BerryService.swift in Sources */,
			);
			runOnlyForDeploymentPostprocessing = 0;
		};
		4DAC36DF2A544E8500454A0C /* Sources */ = {
			isa = PBXSourcesBuildPhase;
			buildActionMask = 2147483647;
			files = (
				4DAC36E82A544E8500454A0C /* PokeStagTests.swift in Sources */,
			);
			runOnlyForDeploymentPostprocessing = 0;
		};
		4DAC36E92A544E8500454A0C /* Sources */ = {
			isa = PBXSourcesBuildPhase;
			buildActionMask = 2147483647;
			files = (
				4DAC36F42A544E8500454A0C /* PokeStagUITestsLaunchTests.swift in Sources */,
				4DAC36F22A544E8500454A0C /* PokeStagUITests.swift in Sources */,
			);
			runOnlyForDeploymentPostprocessing = 0;
		};
/* End PBXSourcesBuildPhase section */

/* Begin PBXTargetDependency section */
		4DAC36E52A544E8500454A0C /* PBXTargetDependency */ = {
			isa = PBXTargetDependency;
			target = 4DAC36D12A544E8200454A0C /* PokeStag */;
			targetProxy = 4DAC36E42A544E8500454A0C /* PBXContainerItemProxy */;
		};
		4DAC36EF2A544E8500454A0C /* PBXTargetDependency */ = {
			isa = PBXTargetDependency;
			target = 4DAC36D12A544E8200454A0C /* PokeStag */;
			targetProxy = 4DAC36EE2A544E8500454A0C /* PBXContainerItemProxy */;
		};
/* End PBXTargetDependency section */

/* Begin XCBuildConfiguration section */
		4DAC36F52A544E8500454A0C /* Debug */ = {
			isa = XCBuildConfiguration;
			buildSettings = {
				ALWAYS_SEARCH_USER_PATHS = NO;
				CLANG_ANALYZER_NONNULL = YES;
				CLANG_ANALYZER_NUMBER_OBJECT_CONVERSION = YES_AGGRESSIVE;
				CLANG_CXX_LANGUAGE_STANDARD = "gnu++20";
				CLANG_ENABLE_MODULES = YES;
				CLANG_ENABLE_OBJC_ARC = YES;
				CLANG_ENABLE_OBJC_WEAK = YES;
				CLANG_WARN_BLOCK_CAPTURE_AUTORELEASING = YES;
				CLANG_WARN_BOOL_CONVERSION = YES;
				CLANG_WARN_COMMA = YES;
				CLANG_WARN_CONSTANT_CONVERSION = YES;
				CLANG_WARN_DEPRECATED_OBJC_IMPLEMENTATIONS = YES;
				CLANG_WARN_DIRECT_OBJC_ISA_USAGE = YES_ERROR;
				CLANG_WARN_DOCUMENTATION_COMMENTS = YES;
				CLANG_WARN_EMPTY_BODY = YES;
				CLANG_WARN_ENUM_CONVERSION = YES;
				CLANG_WARN_INFINITE_RECURSION = YES;
				CLANG_WARN_INT_CONVERSION = YES;
				CLANG_WARN_NON_LITERAL_NULL_CONVERSION = YES;
				CLANG_WARN_OBJC_IMPLICIT_RETAIN_SELF = YES;
				CLANG_WARN_OBJC_LITERAL_CONVERSION = YES;
				CLANG_WARN_OBJC_ROOT_CLASS = YES_ERROR;
				CLANG_WARN_QUOTED_INCLUDE_IN_FRAMEWORK_HEADER = YES;
				CLANG_WARN_RANGE_LOOP_ANALYSIS = YES;
				CLANG_WARN_STRICT_PROTOTYPES = YES;
				CLANG_WARN_SUSPICIOUS_MOVE = YES;
				CLANG_WARN_UNGUARDED_AVAILABILITY = YES_AGGRESSIVE;
				CLANG_WARN_UNREACHABLE_CODE = YES;
				CLANG_WARN__DUPLICATE_METHOD_MATCH = YES;
				COPY_PHASE_STRIP = NO;
				DEBUG_INFORMATION_FORMAT = dwarf;
				ENABLE_STRICT_OBJC_MSGSEND = YES;
				ENABLE_TESTABILITY = YES;
				GCC_C_LANGUAGE_STANDARD = gnu11;
				GCC_DYNAMIC_NO_PIC = NO;
				GCC_NO_COMMON_BLOCKS = YES;
				GCC_OPTIMIZATION_LEVEL = 0;
				GCC_PREPROCESSOR_DEFINITIONS = (
					"DEBUG=1",
					"$(inherited)",
				);
				GCC_WARN_64_TO_32_BIT_CONVERSION = YES;
				GCC_WARN_ABOUT_RETURN_TYPE = YES_ERROR;
				GCC_WARN_UNDECLARED_SELECTOR = YES;
				GCC_WARN_UNINITIALIZED_AUTOS = YES_AGGRESSIVE;
				GCC_WARN_UNUSED_FUNCTION = YES;
				GCC_WARN_UNUSED_VARIABLE = YES;
				MTL_ENABLE_DEBUG_INFO = INCLUDE_SOURCE;
				MTL_FAST_MATH = YES;
				ONLY_ACTIVE_ARCH = YES;
				SWIFT_ACTIVE_COMPILATION_CONDITIONS = DEBUG;
				SWIFT_OPTIMIZATION_LEVEL = "-Onone";
			};
			name = Debug;
		};
		4DAC36F62A544E8500454A0C /* Release */ = {
			isa = XCBuildConfiguration;
			buildSettings = {
				ALWAYS_SEARCH_USER_PATHS = NO;
				CLANG_ANALYZER_NONNULL = YES;
				CLANG_ANALYZER_NUMBER_OBJECT_CONVERSION = YES_AGGRESSIVE;
				CLANG_CXX_LANGUAGE_STANDARD = "gnu++20";
				CLANG_ENABLE_MODULES = YES;
				CLANG_ENABLE_OBJC_ARC = YES;
				CLANG_ENABLE_OBJC_WEAK = YES;
				CLANG_WARN_BLOCK_CAPTURE_AUTORELEASING = YES;
				CLANG_WARN_BOOL_CONVERSION = YES;
				CLANG_WARN_COMMA = YES;
				CLANG_WARN_CONSTANT_CONVERSION = YES;
				CLANG_WARN_DEPRECATED_OBJC_IMPLEMENTATIONS = YES;
				CLANG_WARN_DIRECT_OBJC_ISA_USAGE = YES_ERROR;
				CLANG_WARN_DOCUMENTATION_COMMENTS = YES;
				CLANG_WARN_EMPTY_BODY = YES;
				CLANG_WARN_ENUM_CONVERSION = YES;
				CLANG_WARN_INFINITE_RECURSION = YES;
				CLANG_WARN_INT_CONVERSION = YES;
				CLANG_WARN_NON_LITERAL_NULL_CONVERSION = YES;
				CLANG_WARN_OBJC_IMPLICIT_RETAIN_SELF = YES;
				CLANG_WARN_OBJC_LITERAL_CONVERSION = YES;
				CLANG_WARN_OBJC_ROOT_CLASS = YES_ERROR;
				CLANG_WARN_QUOTED_INCLUDE_IN_FRAMEWORK_HEADER = YES;
				CLANG_WARN_RANGE_LOOP_ANALYSIS = YES;
				CLANG_WARN_STRICT_PROTOTYPES = YES;
				CLANG_WARN_SUSPICIOUS_MOVE = YES;
				CLANG_WARN_UNGUARDED_AVAILABILITY = YES_AGGRESSIVE;
				CLANG_WARN_UNREACHABLE_CODE = YES;
				CLANG_WARN__DUPLICATE_METHOD_MATCH = YES;
				COPY_PHASE_STRIP = NO;
				DEBUG_INFORMATION_FORMAT = "dwarf-with-dsym";
				ENABLE_NS_ASSERTIONS = NO;
				ENABLE_STRICT_OBJC_MSGSEND = YES;
				GCC_C_LANGUAGE_STANDARD = gnu11;
				GCC_NO_COMMON_BLOCKS = YES;
				GCC_WARN_64_TO_32_BIT_CONVERSION = YES;
				GCC_WARN_ABOUT_RETURN_TYPE = YES_ERROR;
				GCC_WARN_UNDECLARED_SELECTOR = YES;
				GCC_WARN_UNINITIALIZED_AUTOS = YES_AGGRESSIVE;
				GCC_WARN_UNUSED_FUNCTION = YES;
				GCC_WARN_UNUSED_VARIABLE = YES;
				MTL_ENABLE_DEBUG_INFO = NO;
				MTL_FAST_MATH = YES;
				SWIFT_COMPILATION_MODE = wholemodule;
				SWIFT_OPTIMIZATION_LEVEL = "-O";
			};
			name = Release;
		};
		4DAC36F82A544E8500454A0C /* Debug */ = {
			isa = XCBuildConfiguration;
			buildSettings = {
				ASSETCATALOG_COMPILER_APPICON_NAME = AppIcon;
				ASSETCATALOG_COMPILER_GLOBAL_ACCENT_COLOR_NAME = AccentColor;
				CODE_SIGN_ENTITLEMENTS = PokeStag/PokeStag.entitlements;
				CODE_SIGN_STYLE = Automatic;
				CURRENT_PROJECT_VERSION = 1;
				DEVELOPMENT_ASSET_PATHS = "\"PokeStag/Preview Content\"";
				DEVELOPMENT_TEAM = 4S4FCWJ8DS;
				ENABLE_HARDENED_RUNTIME = YES;
				ENABLE_PREVIEWS = YES;
				GENERATE_INFOPLIST_FILE = YES;
				INFOPLIST_FILE = PokeStag/Info.plist;
				INFOPLIST_KEY_CFBundleDisplayName = "";
				"INFOPLIST_KEY_UIApplicationSceneManifest_Generation[sdk=iphoneos*]" = YES;
				"INFOPLIST_KEY_UIApplicationSceneManifest_Generation[sdk=iphonesimulator*]" = YES;
				"INFOPLIST_KEY_UIApplicationSupportsIndirectInputEvents[sdk=iphoneos*]" = YES;
				"INFOPLIST_KEY_UIApplicationSupportsIndirectInputEvents[sdk=iphonesimulator*]" = YES;
				"INFOPLIST_KEY_UILaunchScreen_Generation[sdk=iphoneos*]" = YES;
				"INFOPLIST_KEY_UILaunchScreen_Generation[sdk=iphonesimulator*]" = YES;
				"INFOPLIST_KEY_UIStatusBarStyle[sdk=iphoneos*]" = UIStatusBarStyleDefault;
				"INFOPLIST_KEY_UIStatusBarStyle[sdk=iphonesimulator*]" = UIStatusBarStyleDefault;
				INFOPLIST_KEY_UISupportedInterfaceOrientations_iPad = "UIInterfaceOrientationPortrait UIInterfaceOrientationPortraitUpsideDown UIInterfaceOrientationLandscapeLeft UIInterfaceOrientationLandscapeRight";
				INFOPLIST_KEY_UISupportedInterfaceOrientations_iPhone = "UIInterfaceOrientationPortrait UIInterfaceOrientationLandscapeLeft UIInterfaceOrientationLandscapeRight";
				IPHONEOS_DEPLOYMENT_TARGET = 15;
				LD_RUNPATH_SEARCH_PATHS = "@executable_path/Frameworks";
				"LD_RUNPATH_SEARCH_PATHS[sdk=macosx*]" = "@executable_path/../Frameworks";
				MACOSX_DEPLOYMENT_TARGET = 13.3;
				MARKETING_VERSION = 1.0;
				PRODUCT_BUNDLE_IDENTIFIER = net.bnpparibas.pokestag.PokeStag;
				PRODUCT_NAME = "$(TARGET_NAME)";
				SDKROOT = auto;
				SUPPORTED_PLATFORMS = "iphoneos iphonesimulator macosx";
				SWIFT_EMIT_LOC_STRINGS = YES;
				SWIFT_VERSION = 5.0;
				TARGETED_DEVICE_FAMILY = "1,2";
			};
			name = Debug;
		};
		4DAC36F92A544E8500454A0C /* Release */ = {
			isa = XCBuildConfiguration;
			buildSettings = {
				ASSETCATALOG_COMPILER_APPICON_NAME = AppIcon;
				ASSETCATALOG_COMPILER_GLOBAL_ACCENT_COLOR_NAME = AccentColor;
				CODE_SIGN_ENTITLEMENTS = PokeStag/PokeStag.entitlements;
				CODE_SIGN_STYLE = Automatic;
				CURRENT_PROJECT_VERSION = 1;
				DEVELOPMENT_ASSET_PATHS = "\"PokeStag/Preview Content\"";
				DEVELOPMENT_TEAM = 4S4FCWJ8DS;
				ENABLE_HARDENED_RUNTIME = YES;
				ENABLE_PREVIEWS = YES;
				GENERATE_INFOPLIST_FILE = YES;
				INFOPLIST_FILE = PokeStag/Info.plist;
				INFOPLIST_KEY_CFBundleDisplayName = "";
				"INFOPLIST_KEY_UIApplicationSceneManifest_Generation[sdk=iphoneos*]" = YES;
				"INFOPLIST_KEY_UIApplicationSceneManifest_Generation[sdk=iphonesimulator*]" = YES;
				"INFOPLIST_KEY_UIApplicationSupportsIndirectInputEvents[sdk=iphoneos*]" = YES;
				"INFOPLIST_KEY_UIApplicationSupportsIndirectInputEvents[sdk=iphonesimulator*]" = YES;
				"INFOPLIST_KEY_UILaunchScreen_Generation[sdk=iphoneos*]" = YES;
				"INFOPLIST_KEY_UILaunchScreen_Generation[sdk=iphonesimulator*]" = YES;
				"INFOPLIST_KEY_UIStatusBarStyle[sdk=iphoneos*]" = UIStatusBarStyleDefault;
				"INFOPLIST_KEY_UIStatusBarStyle[sdk=iphonesimulator*]" = UIStatusBarStyleDefault;
				INFOPLIST_KEY_UISupportedInterfaceOrientations_iPad = "UIInterfaceOrientationPortrait UIInterfaceOrientationPortraitUpsideDown UIInterfaceOrientationLandscapeLeft UIInterfaceOrientationLandscapeRight";
				INFOPLIST_KEY_UISupportedInterfaceOrientations_iPhone = "UIInterfaceOrientationPortrait UIInterfaceOrientationLandscapeLeft UIInterfaceOrientationLandscapeRight";
				IPHONEOS_DEPLOYMENT_TARGET = 15;
				LD_RUNPATH_SEARCH_PATHS = "@executable_path/Frameworks";
				"LD_RUNPATH_SEARCH_PATHS[sdk=macosx*]" = "@executable_path/../Frameworks";
				MACOSX_DEPLOYMENT_TARGET = 13.3;
				MARKETING_VERSION = 1.0;
				PRODUCT_BUNDLE_IDENTIFIER = net.bnpparibas.pokestag.PokeStag;
				PRODUCT_NAME = "$(TARGET_NAME)";
				SDKROOT = auto;
				SUPPORTED_PLATFORMS = "iphoneos iphonesimulator macosx";
				SWIFT_EMIT_LOC_STRINGS = YES;
				SWIFT_VERSION = 5.0;
				TARGETED_DEVICE_FAMILY = "1,2";
			};
			name = Release;
		};
		4DAC36FB2A544E8500454A0C /* Debug */ = {
			isa = XCBuildConfiguration;
			buildSettings = {
				ALWAYS_EMBED_SWIFT_STANDARD_LIBRARIES = YES;
				BUNDLE_LOADER = "$(TEST_HOST)";
				CODE_SIGN_STYLE = Automatic;
				CURRENT_PROJECT_VERSION = 1;
				DEVELOPMENT_TEAM = 4S4FCWJ8DS;
				GENERATE_INFOPLIST_FILE = YES;
				IPHONEOS_DEPLOYMENT_TARGET = 16.4;
				MACOSX_DEPLOYMENT_TARGET = 13.3;
				MARKETING_VERSION = 1.0;
				PRODUCT_BUNDLE_IDENTIFIER = net.bnpparibas.pokestag.PokeStagTests;
				PRODUCT_NAME = "$(TARGET_NAME)";
				SDKROOT = auto;
				SUPPORTED_PLATFORMS = "iphoneos iphonesimulator macosx";
				SWIFT_EMIT_LOC_STRINGS = NO;
				SWIFT_VERSION = 5.0;
				TARGETED_DEVICE_FAMILY = "1,2";
				TEST_HOST = "$(BUILT_PRODUCTS_DIR)/PokeStag.app/$(BUNDLE_EXECUTABLE_FOLDER_PATH)/PokeStag";
			};
			name = Debug;
		};
		4DAC36FC2A544E8500454A0C /* Release */ = {
			isa = XCBuildConfiguration;
			buildSettings = {
				ALWAYS_EMBED_SWIFT_STANDARD_LIBRARIES = YES;
				BUNDLE_LOADER = "$(TEST_HOST)";
				CODE_SIGN_STYLE = Automatic;
				CURRENT_PROJECT_VERSION = 1;
				DEVELOPMENT_TEAM = 4S4FCWJ8DS;
				GENERATE_INFOPLIST_FILE = YES;
				IPHONEOS_DEPLOYMENT_TARGET = 16.4;
				MACOSX_DEPLOYMENT_TARGET = 13.3;
				MARKETING_VERSION = 1.0;
				PRODUCT_BUNDLE_IDENTIFIER = net.bnpparibas.pokestag.PokeStagTests;
				PRODUCT_NAME = "$(TARGET_NAME)";
				SDKROOT = auto;
				SUPPORTED_PLATFORMS = "iphoneos iphonesimulator macosx";
				SWIFT_EMIT_LOC_STRINGS = NO;
				SWIFT_VERSION = 5.0;
				TARGETED_DEVICE_FAMILY = "1,2";
				TEST_HOST = "$(BUILT_PRODUCTS_DIR)/PokeStag.app/$(BUNDLE_EXECUTABLE_FOLDER_PATH)/PokeStag";
			};
			name = Release;
		};
		4DAC36FE2A544E8500454A0C /* Debug */ = {
			isa = XCBuildConfiguration;
			buildSettings = {
				ALWAYS_EMBED_SWIFT_STANDARD_LIBRARIES = YES;
				CODE_SIGN_STYLE = Automatic;
				CURRENT_PROJECT_VERSION = 1;
				DEVELOPMENT_TEAM = 4S4FCWJ8DS;
				GENERATE_INFOPLIST_FILE = YES;
				IPHONEOS_DEPLOYMENT_TARGET = 16.4;
				MACOSX_DEPLOYMENT_TARGET = 13.3;
				MARKETING_VERSION = 1.0;
				PRODUCT_BUNDLE_IDENTIFIER = net.bnpparibas.pokestag.PokeStagUITests;
				PRODUCT_NAME = "$(TARGET_NAME)";
				SDKROOT = auto;
				SUPPORTED_PLATFORMS = "iphoneos iphonesimulator macosx";
				SWIFT_EMIT_LOC_STRINGS = NO;
				SWIFT_VERSION = 5.0;
				TARGETED_DEVICE_FAMILY = "1,2";
				TEST_TARGET_NAME = PokeStag;
			};
			name = Debug;
		};
		4DAC36FF2A544E8500454A0C /* Release */ = {
			isa = XCBuildConfiguration;
			buildSettings = {
				ALWAYS_EMBED_SWIFT_STANDARD_LIBRARIES = YES;
				CODE_SIGN_STYLE = Automatic;
				CURRENT_PROJECT_VERSION = 1;
				DEVELOPMENT_TEAM = 4S4FCWJ8DS;
				GENERATE_INFOPLIST_FILE = YES;
				IPHONEOS_DEPLOYMENT_TARGET = 16.4;
				MACOSX_DEPLOYMENT_TARGET = 13.3;
				MARKETING_VERSION = 1.0;
				PRODUCT_BUNDLE_IDENTIFIER = net.bnpparibas.pokestag.PokeStagUITests;
				PRODUCT_NAME = "$(TARGET_NAME)";
				SDKROOT = auto;
				SUPPORTED_PLATFORMS = "iphoneos iphonesimulator macosx";
				SWIFT_EMIT_LOC_STRINGS = NO;
				SWIFT_VERSION = 5.0;
				TARGETED_DEVICE_FAMILY = "1,2";
				TEST_TARGET_NAME = PokeStag;
			};
			name = Release;
		};
/* End XCBuildConfiguration section */

/* Begin XCConfigurationList section */
		4DAC36CD2A544E8200454A0C /* Build configuration list for PBXProject "PokeStag" */ = {
			isa = XCConfigurationList;
			buildConfigurations = (
				4DAC36F52A544E8500454A0C /* Debug */,
				4DAC36F62A544E8500454A0C /* Release */,
			);
			defaultConfigurationIsVisible = 0;
			defaultConfigurationName = Release;
		};
		4DAC36F72A544E8500454A0C /* Build configuration list for PBXNativeTarget "PokeStag" */ = {
			isa = XCConfigurationList;
			buildConfigurations = (
				4DAC36F82A544E8500454A0C /* Debug */,
				4DAC36F92A544E8500454A0C /* Release */,
			);
			defaultConfigurationIsVisible = 0;
			defaultConfigurationName = Release;
		};
		4DAC36FA2A544E8500454A0C /* Build configuration list for PBXNativeTarget "PokeStagTests" */ = {
			isa = XCConfigurationList;
			buildConfigurations = (
				4DAC36FB2A544E8500454A0C /* Debug */,
				4DAC36FC2A544E8500454A0C /* Release */,
			);
			defaultConfigurationIsVisible = 0;
			defaultConfigurationName = Release;
		};
		4DAC36FD2A544E8500454A0C /* Build configuration list for PBXNativeTarget "PokeStagUITests" */ = {
			isa = XCConfigurationList;
			buildConfigurations = (
				4DAC36FE2A544E8500454A0C /* Debug */,
				4DAC36FF2A544E8500454A0C /* Release */,
			);
			defaultConfigurationIsVisible = 0;
			defaultConfigurationName = Release;
		};
/* End XCConfigurationList section */
	};
	rootObject = 4DAC36CA2A544E8200454A0C /* Project object */;
}
